{
  "lockfile_version": "1",
  "packages": {
    "bat@latest": {
      "last_modified": "2023-12-13T22:54:10Z",
      "resolved": "github:NixOS/nixpkgs/fd04bea4cbf76f86f244b9e2549fca066db8ddff#bat",
      "source": "devbox-search",
      "version": "0.24.0",
      "systems": {
        "aarch64-darwin": {
          "store_path": "/nix/store/jvzjjz8nrgqayqhmfha26a77s2kha82j-bat-0.24.0"
        },
        "aarch64-linux": {
          "store_path": "/nix/store/g311flxny2wf0q5gvm5q6jx8k4lrb9rs-bat-0.24.0"
        },
        "x86_64-darwin": {
          "store_path": "/nix/store/zmh1qs2jsf3nl0sqkqcxa0dhmj2nkv3g-bat-0.24.0"
        },
        "x86_64-linux": {
          "store_path": "/nix/store/6bfrl12gxhk77djk3cmgwf0brfi1185m-bat-0.24.0"
        }
      }
    },
    "bun@latest": {
      "last_modified": "2023-12-18T02:58:18Z",
      "resolved": "github:NixOS/nixpkgs/ca16221251951e9c6261a1a2bb4f9389038d3632#bun",
      "source": "devbox-search",
      "version": "1.0.18",
      "systems": {
        "aarch64-darwin": {
          "store_path": "/nix/store/3l3l9aqdaznp6x8q0nkgk20sms441q66-bun-1.0.18"
        },
        "aarch64-linux": {
          "store_path": "/nix/store/ciynqwc8cy82pa8y3pqfqvi82b6ir03c-bun-1.0.18"
        },
        "x86_64-linux": {
          "store_path": "/nix/store/frka0jd1byfpn8363bjnlinpac40jyy9-bun-1.0.18"
        }
      }
    },
    "direnv@latest": {
      "last_modified": "2023-12-13T22:54:10Z",
      "resolved": "github:NixOS/nixpkgs/fd04bea4cbf76f86f244b9e2549fca066db8ddff#direnv",
      "source": "devbox-search",
      "version": "2.33.0",
      "systems": {
        "aarch64-darwin": {
          "store_path": "/nix/store/iw865954x7mx57ybc8zyghspisvmfzs7-direnv-2.33.0"
        },
        "aarch64-linux": {
          "store_path": "/nix/store/149mjbpdbxs8yjn30xvmhxm93qi8bdv6-direnv-2.33.0"
        },
        "x86_64-darwin": {
          "store_path": "/nix/store/j4djf3x6iran8fq2ywrc0vx6y2k95hs2-direnv-2.33.0"
        },
        "x86_64-linux": {
          "store_path": "/nix/store/0lf6mkfaqx4zmsni9yys650qx573zfcw-direnv-2.33.0"
        }
      }
    },
    "eza@latest": {
      "last_modified": "2023-12-14T07:33:05Z",
      "resolved": "github:NixOS/nixpkgs/aa9d4729cbc99dabacb50e3994dcefb3ea0f7447#eza",
      "source": "devbox-search",
      "version": "0.17.0",
      "systems": {
        "aarch64-darwin": {
          "store_path": "/nix/store/drs4kmigk8ccy601365zbdhypzali7s5-eza-0.17.0"
        },
        "aarch64-linux": {
          "store_path": "/nix/store/abprvxbxizl7i5zwl8aq1d31fx0diidb-eza-0.17.0"
        },
        "x86_64-darwin": {
          "store_path": "/nix/store/4r5g176mr1jqsw3mp9cw0x6jdnwpc009-eza-0.17.0"
        },
        "x86_64-linux": {
          "store_path": "/nix/store/v35mszl4kgcjc1v76dkfgw24lsbgn9ya-eza-0.17.0"
        }
      }
    },
    "fd@latest": {
      "last_modified": "2023-12-20T09:10:46Z",
      "resolved": "github:NixOS/nixpkgs/7c33cd6bf01cf09f77bfdf6741cddfffa2cd5640#fd",
      "source": "devbox-search",
      "version": "9.0.0",
      "systems": {
        "aarch64-darwin": {
          "store_path": "/nix/store/z67n3zm06ax9928mz1jx5qmzg0hys2f8-fd-9.0.0"
        },
        "aarch64-linux": {
          "store_path": "/nix/store/jq9ipllh4cwqmlvhhnkkn93k86y2vkyl-fd-9.0.0"
        },
        "x86_64-darwin": {
          "store_path": "/nix/store/jxax7r7gjyv7hxnryyxcl99d5i4z5lj8-fd-9.0.0"
        },
        "x86_64-linux": {
          "store_path": "/nix/store/dc07a530zi9qw2bv56bvrab8fqbv81m6-fd-9.0.0"
        }
      }
    },
    "fzf@latest": {
      "last_modified": "2023-12-18T02:58:18Z",
      "resolved": "github:NixOS/nixpkgs/ca16221251951e9c6261a1a2bb4f9389038d3632#fzf",
      "source": "devbox-search",
      "version": "0.44.1",
      "systems": {
        "aarch64-darwin": {
          "store_path": "/nix/store/n9pv61nlhi7rvk2s6qw4d15p1z9bxsbk-fzf-0.44.1"
        },
        "aarch64-linux": {
          "store_path": "/nix/store/l2sm7y5m5i0pymm521nqzmmqw6sl5kcz-fzf-0.44.1"
        },
        "x86_64-darwin": {
          "store_path": "/nix/store/15rmwdragjd4n74mcrr8zd191nrw0i3v-fzf-0.44.1"
        },
        "x86_64-linux": {
          "store_path": "/nix/store/q7rscgg19kirj1bh57i5las11m8h6mqj-fzf-0.44.1"
        }
      }
    },
    "gh@latest": {
      "last_modified": "2023-12-18T02:58:18Z",
      "resolved": "github:NixOS/nixpkgs/ca16221251951e9c6261a1a2bb4f9389038d3632#gh",
      "source": "devbox-search",
      "version": "2.40.1",
      "systems": {
        "aarch64-darwin": {
          "store_path": "/nix/store/1267zpbprvzl8i57pcpwrcavy3nd1wr7-gh-2.40.1"
        },
        "aarch64-linux": {
          "store_path": "/nix/store/567fpv062xzsg15xwa5pjc45477z0x2d-gh-2.40.1"
        },
        "x86_64-darwin": {
          "store_path": "/nix/store/zbhzd6rb3sd47dd86l7rmyn6992xbqdn-gh-2.40.1"
        },
        "x86_64-linux": {
          "store_path": "/nix/store/rzbjspmdr6x238qnpb6qrl983sdz70hx-gh-2.40.1"
        }
      }
    },
    "ghq@latest": {
      "last_modified": "2023-12-13T22:54:10Z",
      "resolved": "github:NixOS/nixpkgs/fd04bea4cbf76f86f244b9e2549fca066db8ddff#ghq",
      "source": "devbox-search",
      "version": "1.4.2",
      "systems": {
        "aarch64-darwin": {
          "store_path": "/nix/store/hx307m5pxw6616p02vc8si9rdy6f1ck1-ghq-1.4.2"
        },
        "aarch64-linux": {
          "store_path": "/nix/store/0qm93ckilfqcmsn2zgifan1sym9m33d7-ghq-1.4.2"
        },
        "x86_64-darwin": {
          "store_path": "/nix/store/0h0lxygkc3kh2jrwksfmcjwp11qpmcf3-ghq-1.4.2"
        },
        "x86_64-linux": {
          "store_path": "/nix/store/mxyq50ynx4jaqpqhbqj7h4ff37dv7039-ghq-1.4.2"
        }
      }
    },
    "httpie@latest": {
      "last_modified": "2023-12-13T22:54:10Z",
      "resolved": "github:NixOS/nixpkgs/fd04bea4cbf76f86f244b9e2549fca066db8ddff#httpie",
      "source": "devbox-search",
      "version": "3.2.2",
      "systems": {
        "aarch64-darwin": {
          "store_path": "/nix/store/fa1rr2k8kaw0rymx77lcwhx5s8fzz0ak-python3.11-httpie-3.2.2"
        },
        "aarch64-linux": {
          "store_path": "/nix/store/4q5pn4szxgblwlmrikdsqmpa0k59agdn-python3.11-httpie-3.2.2"
        },
        "x86_64-darwin": {
          "store_path": "/nix/store/y1dlnzqcn89qhzwp1i6adwhak79ilbh6-python3.11-httpie-3.2.2"
        },
        "x86_64-linux": {
          "store_path": "/nix/store/szlfyhs70kwcns8nv9vh1qz8nf58m297-python3.11-httpie-3.2.2"
        }
      }
    },
    "hugo@latest": {
      "last_modified": "2023-12-13T22:54:10Z",
      "resolved": "github:NixOS/nixpkgs/fd04bea4cbf76f86f244b9e2549fca066db8ddff#hugo",
      "source": "devbox-search",
      "version": "0.121.1",
      "systems": {
        "aarch64-darwin": {
          "store_path": "/nix/store/xrvfccx93yf7dca8gfk7drqg43i8ga3q-hugo-0.121.1"
        },
        "aarch64-linux": {
          "store_path": "/nix/store/i9szpapc16rcrcgmiq8ji518pwryg2kb-hugo-0.121.1"
        },
        "x86_64-darwin": {
          "store_path": "/nix/store/8njnc3x909dnr2mvyc3j6zspgha3s4vn-hugo-0.121.1"
        },
        "x86_64-linux": {
          "store_path": "/nix/store/kl2ljcny9a5myfmgl6f6xnhqfgy2wbvp-hugo-0.121.1"
        }
      }
    },
    "jq@latest": {
      "last_modified": "2023-12-25T10:13:25Z",
      "resolved": "github:NixOS/nixpkgs/e1fa12d4f6c6fe19ccb59cac54b5b3f25e160870#jq",
      "source": "devbox-search",
      "version": "1.7",
      "systems": {
        "aarch64-darwin": {
          "store_path": "/nix/store/38hrq70jzqsq81v7gim7j3q45955186l-jq-1.7-bin"
        },
        "aarch64-linux": {
          "store_path": "/nix/store/7p5qb1x5zdsvk2dyzxw4drfrchichpgs-jq-1.7-bin"
        },
        "x86_64-darwin": {
          "store_path": "/nix/store/z9qssj644qgmfyhj6flqspkrdi5lrhbp-jq-1.7-bin"
        },
        "x86_64-linux": {
          "store_path": "/nix/store/xdmynnfk2f5c8z39wrh7h216lhh91bjq-jq-1.7-bin"
        }
      }
    },
    "lazygit@latest": {
      "last_modified": "2023-12-13T22:54:10Z",
      "resolved": "github:NixOS/nixpkgs/fd04bea4cbf76f86f244b9e2549fca066db8ddff#lazygit",
      "source": "devbox-search",
      "version": "0.40.2",
      "systems": {
        "aarch64-darwin": {
          "store_path": "/nix/store/0m1sy4ab594723lpill4x2mb7bq62jwi-lazygit-0.40.2"
        },
        "aarch64-linux": {
          "store_path": "/nix/store/qjwjra9jhq3kbsl1gl4h831hlbc255q8-lazygit-0.40.2"
        },
        "x86_64-darwin": {
          "store_path": "/nix/store/68yxd0x2z3nfplbnnh0g4c0x7p5rwkkg-lazygit-0.40.2"
        },
        "x86_64-linux": {
          "store_path": "/nix/store/idlc2lsfasgipi8hm7rd87y87zmv5b17-lazygit-0.40.2"
        }
      }
    },
    "neovim@latest": {
      "last_modified": "2023-12-13T22:54:10Z",
      "resolved": "github:NixOS/nixpkgs/fd04bea4cbf76f86f244b9e2549fca066db8ddff#neovim",
      "source": "devbox-search",
      "version": "0.9.4",
      "systems": {
        "aarch64-darwin": {
          "store_path": "/nix/store/ra2pa8yw54r7a0rhw2fnyq9dz45whspi-neovim-0.9.4"
        },
        "aarch64-linux": {
          "store_path": "/nix/store/rbn65c47a5772lmx6icmxbg28py65ar8-neovim-0.9.4"
        },
        "x86_64-darwin": {
          "store_path": "/nix/store/5lp0avmqhj40f6xfwr4v1c02xjs51z8d-neovim-0.9.4"
        },
        "x86_64-linux": {
          "store_path": "/nix/store/n9zvr94i04vqrn68plidzwcxpkahcgap-neovim-0.9.4"
        }
      }
    },
    "nodejs@latest": {
      "last_modified": "2023-12-25T10:13:25Z",
      "resolved": "github:NixOS/nixpkgs/e1fa12d4f6c6fe19ccb59cac54b5b3f25e160870#nodejs_21",
      "source": "devbox-search",
      "version": "21.5.0",
      "systems": {
        "aarch64-darwin": {
          "store_path": "/nix/store/v8vw6h0agr1687qp1azgffg4h172w2ap-nodejs-21.5.0"
        },
        "aarch64-linux": {
          "store_path": "/nix/store/wrgj8cbi8j99k1v9g2kddil5dwnjcjzp-nodejs-21.5.0"
        },
        "x86_64-darwin": {
          "store_path": "/nix/store/cc7bhvkx351rsfx7wja5wxnqxis4mj9g-nodejs-21.5.0"
        },
        "x86_64-linux": {
          "store_path": "/nix/store/jra6nl09vh0grv4s7m3q778havhs1l6i-nodejs-21.5.0"
        }
      }
    },
    "openjdk@latest": {
      "last_modified": "2023-02-24T09:01:09Z",
      "resolved": "github:NixOS/nixpkgs/7d0ed7f2e5aea07ab22ccb338d27fbe347ed2f11#openjdk",
      "source": "devbox-search",
      "version": "19.0.1+10",
      "systems": {
        "x86_64-linux": {
          "store_path": "/nix/store/w8ljgb856qkr6jhfjxy2xy5mykjp3smq-openjdk-19.0.1+10"
        }
      }
    },
    "pipenv@latest": {
      "last_modified": "2023-12-13T22:54:10Z",
      "resolved": "github:NixOS/nixpkgs/fd04bea4cbf76f86f244b9e2549fca066db8ddff#pipenv",
      "source": "devbox-search",
      "version": "2023.2.4",
      "systems": {
        "aarch64-darwin": {
          "store_path": "/nix/store/r6mac7491kw21giiakf09jjdiggw9r3h-pipenv-2023.2.4"
        },
        "aarch64-linux": {
          "store_path": "/nix/store/j7ysrarz72ziykxxl6b5a6kg2bmj155m-pipenv-2023.2.4"
        },
        "x86_64-darwin": {
          "store_path": "/nix/store/5yxysys1bv10vn1g4027w9p7n83q32sq-pipenv-2023.2.4"
        },
        "x86_64-linux": {
          "store_path": "/nix/store/rka671dq3q9aqa9m95gk2285k221wnjq-pipenv-2023.2.4"
        }
      }
    },
    "python@latest": {
      "last_modified": "2023-12-13T22:54:10Z",
      "plugin_version": "0.0.3",
      "resolved": "github:NixOS/nixpkgs/fd04bea4cbf76f86f244b9e2549fca066db8ddff#python312",
      "source": "devbox-search",
      "version": "3.12.1",
      "systems": {
        "aarch64-darwin": {
          "store_path": "/nix/store/ph2c8v66fnn59bjd3n6gf6ijby35fy97-python3-3.12.1"
        },
        "aarch64-linux": {
          "store_path": "/nix/store/crw8ipyh7njx484zssl8h2cw4kg1dr4r-python3-3.12.1"
        },
        "x86_64-darwin": {
          "store_path": "/nix/store/fl15fnagapcq8csawqpbbifjlhx7wxgg-python3-3.12.1"
        },
        "x86_64-linux": {
          "store_path": "/nix/store/3vcbpxqx9lq044manf6jnkri8krifz5s-python3-3.12.1"
        }
      }
    },
    "ripgrep@latest": {
      "last_modified": "2023-12-13T22:54:10Z",
      "resolved": "github:NixOS/nixpkgs/fd04bea4cbf76f86f244b9e2549fca066db8ddff#ripgrep",
      "source": "devbox-search",
      "version": "14.0.3",
      "systems": {
        "aarch64-darwin": {
          "store_path": "/nix/store/j2qzzj9hfhgw1n4x4m9jfkjh35f08wvi-ripgrep-14.0.3"
        }
      }
    },
    "rtx@latest": {
      "last_modified": "2023-12-13T22:54:10Z",
      "resolved": "github:NixOS/nixpkgs/fd04bea4cbf76f86f244b9e2549fca066db8ddff#rtx",
      "source": "devbox-search",
      "version": "2023.12.18",
      "systems": {
        "aarch64-darwin": {
          "store_path": "/nix/store/gygkly4s1siv150mfg71j86w1vz0vqap-rtx-2023.12.18"
        },
        "aarch64-linux": {
          "store_path": "/nix/store/gq7q0rcm41x74pgqwzxbg9h85m4zfb4g-rtx-2023.12.18"
        },
        "x86_64-darwin": {
          "store_path": "/nix/store/cbh7jhi98j90a93f5r2w7vqpqamfhqri-rtx-2023.12.18"
        },
        "x86_64-linux": {
          "store_path": "/nix/store/yp5b2pzjr2bivkis3g96z188ynblw73r-rtx-2023.12.18"
        }
      }
    },
    "sqlite@latest": {
      "last_modified": "2023-12-25T10:13:25Z",
      "resolved": "github:NixOS/nixpkgs/e1fa12d4f6c6fe19ccb59cac54b5b3f25e160870#sqlite",
      "source": "devbox-search",
      "version": "3.43.2",
      "systems": {
        "aarch64-darwin": {
          "store_path": "/nix/store/wzi81bsqri0xr27qqnb75f66fkyi8cj5-sqlite-3.43.2-bin"
        },
        "aarch64-linux": {
          "store_path": "/nix/store/66h93h6kan55pm3i338k3zhcvmzrxlmv-sqlite-3.43.2-bin"
        },
        "x86_64-darwin": {
          "store_path": "/nix/store/jbrrymrck4bxa19y1rvyfsi6nmxw0r2x-sqlite-3.43.2-bin"
        },
        "x86_64-linux": {
          "store_path": "/nix/store/c1r78xcyvkkvsax259d9v4k787bfvv7j-sqlite-3.43.2-bin"
        }
      }
    },
    "terraform@latest": {
      "last_modified": "2023-12-18T02:58:18Z",
      "resolved": "github:NixOS/nixpkgs/ca16221251951e9c6261a1a2bb4f9389038d3632#terraform",
      "source": "devbox-search",
      "version": "1.6.6"
    },
    "tig@latest": {
      "last_modified": "2023-12-13T22:54:10Z",
      "resolved": "github:NixOS/nixpkgs/fd04bea4cbf76f86f244b9e2549fca066db8ddff#tig",
      "source": "devbox-search",
      "version": "2.5.8",
      "systems": {
        "aarch64-darwin": {
          "store_path": "/nix/store/m451q5slkkax0c6kbdniq3y146wvifl6-tig-2.5.8"
        },
        "aarch64-linux": {
          "store_path": "/nix/store/jhr4rhawvrm1k6290pjakddlfwzvnbkj-tig-2.5.8"
        },
        "x86_64-darwin": {
          "store_path": "/nix/store/1z8b9g1v4jivff2yypycff1bfrbbg9d6-tig-2.5.8"
        },
        "x86_64-linux": {
          "store_path": "/nix/store/whip142g3is589mz4l5y1yxmah3nvdnp-tig-2.5.8"
        }
      }
    },
    "tldr@latest": {
      "last_modified": "2023-12-25T10:13:25Z",
      "resolved": "github:NixOS/nixpkgs/e1fa12d4f6c6fe19ccb59cac54b5b3f25e160870#tldr",
      "source": "devbox-search",
      "version": "1.6.1",
      "systems": {
        "aarch64-darwin": {
          "store_path": "/nix/store/w0d61fpfskhj9rnd0ps0harmqn5xn4cz-tldr-1.6.1"
        },
        "aarch64-linux": {
          "store_path": "/nix/store/31jvd4si781mb3l9afxf5hwj8aswwsk3-tldr-1.6.1"
        },
        "x86_64-darwin": {
          "store_path": "/nix/store/04bml1z657h87sxfvm15mjygkvygirng-tldr-1.6.1"
        },
        "x86_64-linux": {
          "store_path": "/nix/store/x9mlhfw5pb25jk1ip63rwayr3m7krvma-tldr-1.6.1"
        }
      }
    },
    "unar@latest": {
      "last_modified": "2023-12-13T22:54:10Z",
      "resolved": "github:NixOS/nixpkgs/fd04bea4cbf76f86f244b9e2549fca066db8ddff#unar",
      "source": "devbox-search",
      "version": "1.10.7",
      "systems": {
        "aarch64-darwin": {
          "store_path": "/nix/store/xrqpsd6vxq7d67d4cd18zwcxv05r41wl-unar-1.10.7"
        },
        "aarch64-linux": {
          "store_path": "/nix/store/w2balsk08nhv5sa5crj6hgf3014x5maq-unar-1.10.7"
        },
        "x86_64-darwin": {
          "store_path": "/nix/store/2nsazd08y2wwx3l3dknhv8c1m50hh0i6-unar-1.10.7"
        },
        "x86_64-linux": {
          "store_path": "/nix/store/3qgni64ah5c4mg8jlcyjdba49v2q9d0w-unar-1.10.7"
        }
      }
    },
    "wget@latest": {
      "last_modified": "2023-12-13T22:54:10Z",
      "resolved": "github:NixOS/nixpkgs/fd04bea4cbf76f86f244b9e2549fca066db8ddff#wget",
      "source": "devbox-search",
      "version": "1.21.4",
      "systems": {
        "aarch64-darwin": {
          "store_path": "/nix/store/jwl3y883wqhv6vc1y378xkmy28par3bd-wget-1.21.4"
        },
        "aarch64-linux": {
          "store_path": "/nix/store/3yh1458b26p43l5z2dr3qncfy1qmcc4c-wget-1.21.4"
        },
        "x86_64-darwin": {
          "store_path": "/nix/store/f8i21s8ppgnkhv3l1zviw3535vlh7ym5-wget-1.21.4"
        },
        "x86_64-linux": {
          "store_path": "/nix/store/xflxgibbr4kabs1h4mcpvv03j1i36n97-wget-1.21.4"
        }
      }
    },
    "xh@latest": {
      "last_modified": "2023-12-13T22:54:10Z",
      "resolved": "github:NixOS/nixpkgs/fd04bea4cbf76f86f244b9e2549fca066db8ddff#xh",
      "source": "devbox-search",
      "version": "0.20.1",
      "systems": {
        "aarch64-darwin": {
          "store_path": "/nix/store/w14h4ryml4pl7j68x8randbqffpq8f1w-xh-0.20.1"
        },
        "aarch64-linux": {
          "store_path": "/nix/store/av4wm88j2gv9bc66n5zpfc2s79918hsr-xh-0.20.1"
        },
        "x86_64-darwin": {
          "store_path": "/nix/store/17jv71l81lwd02242vrxzkbr2lcwibnn-xh-0.20.1"
        },
        "x86_64-linux": {
          "store_path": "/nix/store/wka2sifgvlk8250mxf6z8sj9vb0r3wdf-xh-0.20.1"
        }
      }
    }
  }
}
